
Microsoft Visual Studio Solution File, Format Version 12.00
# Visual Studio 15
VisualStudioVersion = 15.0.28010.0
MinimumVisualStudioVersion = 10.0.40219.1
Project("{FAE04EC0-301F-11D3-BF4B-00C04F79EFBC}") = "GTAOnlineClient", "GTAOnlineClient.csproj", "{718C0F83-8B11-4C15-8089-2B679D342BD6}"
EndProject
Project("{FAE04EC0-301F-11D3-BF4B-00C04F79EFBC}") = "GTAOnlineServer", "..\GTAOnlineServer\GTAOnlineServer.csproj", "{F6BF8CC9-DE29-4F78-B24A-81F4B3D6DD37}"
EndProject
Project("{FAE04EC0-301F-11D3-BF4B-00C04F79EFBC}") = "GTAOnlineShared", "..\GTAOnlineShared\GTAOnlineShared.csproj", "{F29AB270-D387-4758-B8CD-941AC970766D}"
EndProject
Global
	GlobalSection(SolutionConfigurationPlatforms) = preSolution
		Debug|Any CPU = Debug|Any CPU
		Release|Any CPU = Release|Any CPU
	EndGlobalSection
	GlobalSection(ProjectConfigurationPlatforms) = postSolution
		{718C0F83-8B11-4C15-8089-2B679D342BD6}.Debug|Any CPU.ActiveCfg = Debug|Any CPU
		{718C0F83-8B11-4C15-8089-2B679D342BD6}.Debug|Any CPU.Build.0 = Debug|Any CPU
		{718C0F83-8B11-4C15-8089-2B679D342BD6}.Release|Any CPU.ActiveCfg = Release|Any CPU
		{718C0F83-8B11-4C15-8089-2B679D342BD6}.Release|Any CPU.Build.0 = Release|Any CPU
		{F6BF8CC9-DE29-4F78-B24A-81F4B3D6DD37}.Debug|Any CPU.ActiveCfg = Debug|Any CPU
		{F6BF8CC9-DE29-4F78-B24A-81F4B3D6DD37}.Debug|Any CPU.Build.0 = Debug|Any CPU
		{F6BF8CC9-DE29-4F78-B24A-81F4B3D6DD37}.Release|Any CPU.ActiveCfg = Release|Any CPU
		{F6BF8CC9-DE29-4F78-B24A-81F4B3D6DD37}.Release|Any CPU.Build.0 = Release|Any CPU
		{F29AB270-D387-4758-B8CD-941AC970766D}.Debug|Any CPU.ActiveCfg = Debug|Any CPU
		{F29AB270-D387-4758-B8CD-941AC970766D}.Debug|Any CPU.Build.0 = Debug|Any CPU
		{F29AB270-D387-4758-B8CD-941AC970766D}.Release|Any CPU.ActiveCfg = Release|Any CPU
		{F29AB270-D387-4758-B8CD-941AC970766D}.Release|Any CPU.Build.0 = Release|Any CPU
	EndGlobalSection
	GlobalSection(SolutionProperties) = preSolution
		HideSolutionNode = FALSE
	EndGlobalSection
	GlobalSection(ExtensibilityGlobals) = postSolution
		SolutionGuid = {2636CE02-478B-42CF-AEEF-CFD567726B27}
	EndGlobalSection
EndGlobal
