
Microsoft Visual Studio Solution File, Format Version 12.00
# Visual Studio 15
VisualStudioVersion = 15.0.28010.2041
MinimumVisualStudioVersion = 10.0.40219.1
Project("{FAE04EC0-301F-11D3-BF4B-00C04F79EFBC}") = "FiveM-Online-Client", "GTAOnline-FiveM\FiveM-Online-Client.csproj", "{847758B3-F07C-4610-A3C5-BF6DDEDA5841}"
EndProject
Project("{FAE04EC0-301F-11D3-BF4B-00C04F79EFBC}") = "FiveM-Online-Server", "GTAOnline-Fivem-Server\FiveM-Online-Server.csproj", "{9E3FE6B4-DD18-4510-B3CA-B286F8E973D8}"
EndProject
Global
	GlobalSection(SolutionConfigurationPlatforms) = preSolution
		Debug|Any CPU = Debug|Any CPU
		Release|Any CPU = Release|Any CPU
	EndGlobalSection
	GlobalSection(ProjectConfigurationPlatforms) = postSolution
		{847758B3-F07C-4610-A3C5-BF6DDEDA5841}.Debug|Any CPU.ActiveCfg = Debug|Any CPU
		{847758B3-F07C-4610-A3C5-BF6DDEDA5841}.Debug|Any CPU.Build.0 = Debug|Any CPU
		{847758B3-F07C-4610-A3C5-BF6DDEDA5841}.Release|Any CPU.ActiveCfg = Release|Any CPU
		{847758B3-F07C-4610-A3C5-BF6DDEDA5841}.Release|Any CPU.Build.0 = Release|Any CPU
		{9E3FE6B4-DD18-4510-B3CA-B286F8E973D8}.Debug|Any CPU.ActiveCfg = Debug|Any CPU
		{9E3FE6B4-DD18-4510-B3CA-B286F8E973D8}.Debug|Any CPU.Build.0 = Debug|Any CPU
		{9E3FE6B4-DD18-4510-B3CA-B286F8E973D8}.Release|Any CPU.ActiveCfg = Release|Any CPU
		{9E3FE6B4-DD18-4510-B3CA-B286F8E973D8}.Release|Any CPU.Build.0 = Release|Any CPU
	EndGlobalSection
	GlobalSection(SolutionProperties) = preSolution
		HideSolutionNode = FALSE
	EndGlobalSection
	GlobalSection(ExtensibilityGlobals) = postSolution
		SolutionGuid = {539B0E40-B9B6-423C-B48C-F795F67D3654}
	EndGlobalSection
EndGlobal
